// !$*UTF8*$!
{
	archiveVersion = 1;
	classes = {
	};
	objectVersion = 46;
	objects = {

/* Begin PBXBuildFile section */
		011DD12219A6642C00ECB1F7 /* AppDelegate.swift in Sources */ = {isa = PBXBuildFile; fileRef = 011DD12119A6642C00ECB1F7 /* AppDelegate.swift */; };
		011DD12419A6642C00ECB1F7 /* ViewController.swift in Sources */ = {isa = PBXBuildFile; fileRef = 011DD12319A6642C00ECB1F7 /* ViewController.swift */; };
		011DD12719A6642C00ECB1F7 /* Main.storyboard in Resources */ = {isa = PBXBuildFile; fileRef = 011DD12519A6642C00ECB1F7 /* Main.storyboard */; };
		011DD12919A6642C00ECB1F7 /* Images.xcassets in Resources */ = {isa = PBXBuildFile; fileRef = 011DD12819A6642C00ECB1F7 /* Images.xcassets */; };
		011DD13519A6642C00ECB1F7 /* whatevsTests.swift in Sources */ = {isa = PBXBuildFile; fileRef = 011DD13419A6642C00ECB1F7 /* whatevsTests.swift */; };
/* End PBXBuildFile section */

/* Begin PBXContainerItemProxy section */
		011DD12F19A6642C00ECB1F7 /* PBXContainerItemProxy */ = {
			isa = PBXContainerItemProxy;
			containerPortal = 011DD11419A6642C00ECB1F7 /* Project object */;
			proxyType = 1;
			remoteGlobalIDString = 011DD11B19A6642C00ECB1F7;
			remoteInfo = whatevs;
		};
/* End PBXContainerItemProxy section */

/* Begin PBXFileReference section */
		011DD11C19A6642C00ECB1F7 /* whatevs.app */ = {isa = PBXFileReference; explicitFileType = wrapper.application; includeInIndex = 0; path = whatevs.app; sourceTree = BUILT_PRODUCTS_DIR; };
		011DD12019A6642C00ECB1F7 /* Info.plist */ = {isa = PBXFileReference; lastKnownFileType = text.plist.xml; path = Info.plist; sourceTree = "<group>"; };
		011DD12119A6642C00ECB1F7 /* AppDelegate.swift */ = {isa = PBXFileReference; lastKnownFileType = sourcecode.swift; path = AppDelegate.swift; sourceTree = "<group>"; };
		011DD12319A6642C00ECB1F7 /* ViewController.swift */ = {isa = PBXFileReference; lastKnownFileType = sourcecode.swift; path = ViewController.swift; sourceTree = "<group>"; };
		011DD12619A6642C00ECB1F7 /* Base */ = {isa = PBXFileReference; lastKnownFileType = file.storyboard; name = Base; path = Base.lproj/Main.storyboard; sourceTree = "<group>"; };
		011DD12819A6642C00ECB1F7 /* Images.xcassets */ = {isa = PBXFileReference; lastKnownFileType = folder.assetcatalog; path = Images.xcassets; sourceTree = "<group>"; };
		011DD12E19A6642C00ECB1F7 /* whatevsTests.xctest */ = {isa = PBXFileReference; explicitFileType = wrapper.cfbundle; includeInIndex = 0; path = whatevsTests.xctest; sourceTree = BUILT_PRODUCTS_DIR; };
		011DD13319A6642C00ECB1F7 /* Info.plist */ = {isa = PBXFileReference; lastKnownFileType = text.plist.xml; path = Info.plist; sourceTree = "<group>"; };
		011DD13419A6642C00ECB1F7 /* whatevsTests.swift */ = {isa = PBXFileReference; lastKnownFileType = sourcecode.swift; path = whatevsTests.swift; sourceTree = "<group>"; };
/* End PBXFileReference section */

/* Begin PBXFrameworksBuildPhase section */
		011DD11919A6642C00ECB1F7 /* Frameworks */ = {
			isa = PBXFrameworksBuildPhase;
			buildActionMask = 2147483647;
			files = (
			);
			runOnlyForDeploymentPostprocessing = 0;
		};
		011DD12B19A6642C00ECB1F7 /* Frameworks */ = {
			isa = PBXFrameworksBuildPhase;
			buildActionMask = 2147483647;
			files = (
			);
			runOnlyForDeploymentPostprocessing = 0;
		};
/* End PBXFrameworksBuildPhase section */

/* Begin PBXGroup section */
		011DD11319A6642C00ECB1F7 = {
			isa = PBXGroup;
			children = (
				011DD11E19A6642C00ECB1F7 /* whatevs */,
				011DD13119A6642C00ECB1F7 /* whatevsTests */,
				011DD11D19A6642C00ECB1F7 /* Products */,
			);
			sourceTree = "<group>";
		};
		011DD11D19A6642C00ECB1F7 /* Products */ = {
			isa = PBXGroup;
			children = (
				011DD11C19A6642C00ECB1F7 /* whatevs.app */,
				011DD12E19A6642C00ECB1F7 /* whatevsTests.xctest */,
			);
			name = Products;
			sourceTree = "<group>";
		};
		011DD11E19A6642C00ECB1F7 /* whatevs */ = {
			isa = PBXGroup;
			children = (
				011DD12119A6642C00ECB1F7 /* AppDelegate.swift */,
				011DD12319A6642C00ECB1F7 /* ViewController.swift */,
				011DD12519A6642C00ECB1F7 /* Main.storyboard */,
				011DD12819A6642C00ECB1F7 /* Images.xcassets */,
				011DD11F19A6642C00ECB1F7 /* Supporting Files */,
			);
			path = whatevs;
			sourceTree = "<group>";
		};
		011DD11F19A6642C00ECB1F7 /* Supporting Files */ = {
			isa = PBXGroup;
			children = (
				011DD12019A6642C00ECB1F7 /* Info.plist */,
			);
			name = "Supporting Files";
			sourceTree = "<group>";
		};
		011DD13119A6642C00ECB1F7 /* whatevsTests */ = {
			isa = PBXGroup;
			children = (
				011DD13419A6642C00ECB1F7 /* whatevsTests.swift */,
				011DD13219A6642C00ECB1F7 /* Supporting Files */,
			);
			path = whatevsTests;
			sourceTree = "<group>";
		};
		011DD13219A6642C00ECB1F7 /* Supporting Files */ = {
			isa = PBXGroup;
			children = (
				011DD13319A6642C00ECB1F7 /* Info.plist */,
			);
			name = "Supporting Files";
			sourceTree = "<group>";
		};
/* End PBXGroup section */

/* Begin PBXNativeTarget section */
		011DD11B19A6642C00ECB1F7 /* whatevs */ = {
			isa = PBXNativeTarget;
			buildConfigurationList = 011DD13819A6642C00ECB1F7 /* Build configuration list for PBXNativeTarget "whatevs" */;
			buildPhases = (
				011DD11819A6642C00ECB1F7 /* Sources */,
				011DD11919A6642C00ECB1F7 /* Frameworks */,
				011DD11A19A6642C00ECB1F7 /* Resources */,
			);
			buildRules = (
			);
			dependencies = (
			);
			name = whatevs;
			productName = whatevs;
			productReference = 011DD11C19A6642C00ECB1F7 /* whatevs.app */;
			productType = "com.apple.product-type.application";
		};
		011DD12D19A6642C00ECB1F7 /* whatevsTests */ = {
			isa = PBXNativeTarget;
			buildConfigurationList = 011DD13B19A6642C00ECB1F7 /* Build configuration list for PBXNativeTarget "whatevsTests" */;
			buildPhases = (
				011DD12A19A6642C00ECB1F7 /* Sources */,
				011DD12B19A6642C00ECB1F7 /* Frameworks */,
				011DD12C19A6642C00ECB1F7 /* Resources */,
			);
			buildRules = (
			);
			dependencies = (
				011DD13019A6642C00ECB1F7 /* PBXTargetDependency */,
			);
			name = whatevsTests;
			productName = whatevsTests;
			productReference = 011DD12E19A6642C00ECB1F7 /* whatevsTests.xctest */;
			productType = "com.apple.product-type.bundle.unit-test";
		};
/* End PBXNativeTarget section */

/* Begin PBXProject section */
		011DD11419A6642C00ECB1F7 /* Project object */ = {
			isa = PBXProject;
			attributes = {
				LastUpgradeCheck = 0600;
				ORGANIZATIONNAME = poemsio;
				TargetAttributes = {
					011DD11B19A6642C00ECB1F7 = {
						CreatedOnToolsVersion = 6.0;
					};
					011DD12D19A6642C00ECB1F7 = {
						CreatedOnToolsVersion = 6.0;
						TestTargetID = 011DD11B19A6642C00ECB1F7;
					};
				};
			};
			buildConfigurationList = 011DD11719A6642C00ECB1F7 /* Build configuration list for PBXProject "whatevs" */;
			compatibilityVersion = "Xcode 3.2";
			developmentRegion = English;
			hasScannedForEncodings = 0;
			knownRegions = (
				en,
				Base,
			);
			mainGroup = 011DD11319A6642C00ECB1F7;
			productRefGroup = 011DD11D19A6642C00ECB1F7 /* Products */;
			projectDirPath = "";
			projectRoot = "";
			targets = (
				011DD11B19A6642C00ECB1F7 /* whatevs */,
				011DD12D19A6642C00ECB1F7 /* whatevsTests */,
			);
		};
/* End PBXProject section */

/* Begin PBXResourcesBuildPhase section */
		011DD11A19A6642C00ECB1F7 /* Resources */ = {
			isa = PBXResourcesBuildPhase;
			buildActionMask = 2147483647;
			files = (
				011DD12719A6642C00ECB1F7 /* Main.storyboard in Resources */,
				011DD12919A6642C00ECB1F7 /* Images.xcassets in Resources */,
			);
			runOnlyForDeploymentPostprocessing = 0;
		};
		011DD12C19A6642C00ECB1F7 /* Resources */ = {
			isa = PBXResourcesBuildPhase;
			buildActionMask = 2147483647;
			files = (
			);
			runOnlyForDeploymentPostprocessing = 0;
		};
/* End PBXResourcesBuildPhase section */

/* Begin PBXSourcesBuildPhase section */
		011DD11819A6642C00ECB1F7 /* Sources */ = {
			isa = PBXSourcesBuildPhase;
			buildActionMask = 2147483647;
			files = (
				011DD12419A6642C00ECB1F7 /* ViewController.swift in Sources */,
				011DD12219A6642C00ECB1F7 /* AppDelegate.swift in Sources */,
			);
			runOnlyForDeploymentPostprocessing = 0;
		};
		011DD12A19A6642C00ECB1F7 /* Sources */ = {
			isa = PBXSourcesBuildPhase;
			buildActionMask = 2147483647;
			files = (
				011DD13519A6642C00ECB1F7 /* whatevsTests.swift in Sources */,
			);
			runOnlyForDeploymentPostprocessing = 0;
		};
/* End PBXSourcesBuildPhase section */

/* Begin PBXTargetDependency section */
		011DD13019A6642C00ECB1F7 /* PBXTargetDependency */ = {
			isa = PBXTargetDependency;
			target = 011DD11B19A6642C00ECB1F7 /* whatevs */;
			targetProxy = 011DD12F19A6642C00ECB1F7 /* PBXContainerItemProxy */;
		};
/* End PBXTargetDependency section */

/* Begin PBXVariantGroup section */
		011DD12519A6642C00ECB1F7 /* Main.storyboard */ = {
			isa = PBXVariantGroup;
			children = (
				011DD12619A6642C00ECB1F7 /* Base */,
			);
			name = Main.storyboard;
			sourceTree = "<group>";
		};
/* End PBXVariantGroup section */

/* Begin XCBuildConfiguration section */
		011DD13619A6642C00ECB1F7 /* Debug */ = {
			isa = XCBuildConfiguration;
			buildSettings = {
				ALWAYS_SEARCH_USER_PATHS = NO;
				CLANG_CXX_LANGUAGE_STANDARD = "gnu++0x";
				CLANG_CXX_LIBRARY = "libc++";
				CLANG_ENABLE_MODULES = YES;
				CLANG_ENABLE_OBJC_ARC = YES;
				CLANG_WARN_BOOL_CONVERSION = YES;
				CLANG_WARN_CONSTANT_CONVERSION = YES;
				CLANG_WARN_DIRECT_OBJC_ISA_USAGE = YES_ERROR;
				CLANG_WARN_EMPTY_BODY = YES;
				CLANG_WARN_ENUM_CONVERSION = YES;
				CLANG_WARN_INT_CONVERSION = YES;
				CLANG_WARN_OBJC_ROOT_CLASS = YES_ERROR;
				CLANG_WARN_UNREACHABLE_CODE = YES;
				CLANG_WARN__DUPLICATE_METHOD_MATCH = YES;
				"CODE_SIGN_IDENTITY[sdk=iphoneos*]" = "iPhone Developer";
				COPY_PHASE_STRIP = NO;
				ENABLE_STRICT_OBJC_MSGSEND = YES;
				GCC_C_LANGUAGE_STANDARD = gnu99;
				GCC_DYNAMIC_NO_PIC = NO;
				GCC_OPTIMIZATION_LEVEL = 0;
				GCC_PREPROCESSOR_DEFINITIONS = (
					"DEBUG=1",
					"$(inherited)",
				);
				GCC_SYMBOLS_PRIVATE_EXTERN = NO;
				GCC_WARN_64_TO_32_BIT_CONVERSION = YES;
				GCC_WARN_ABOUT_RETURN_TYPE = YES_ERROR;
				GCC_WARN_UNDECLARED_SELECTOR = YES;
				GCC_WARN_UNINITIALIZED_AUTOS = YES_AGGRESSIVE;
				GCC_WARN_UNUSED_FUNCTION = YES;
				GCC_WARN_UNUSED_VARIABLE = YES;
				IPHONEOS_DEPLOYMENT_TARGET = 8.0;
				MTL_ENABLE_DEBUG_INFO = YES;
				ONLY_ACTIVE_ARCH = YES;
				SDKROOT = iphoneos;
				SWIFT_OPTIMIZATION_LEVEL = "-Onone";
			};
			name = Debug;
		};
		011DD13719A6642C00ECB1F7 /* Release */ = {
			isa = XCBuildConfiguration;
			buildSettings = {
				ALWAYS_SEARCH_USER_PATHS = NO;
				CLANG_CXX_LANGUAGE_STANDARD = "gnu++0x";
				CLANG_CXX_LIBRARY = "libc++";
				CLANG_ENABLE_MODULES = YES;
				CLANG_ENABLE_OBJC_ARC = YES;
				CLANG_WARN_BOOL_CONVERSION = YES;
				CLANG_WARN_CONSTANT_CONVERSION = YES;
				CLANG_WARN_DIRECT_OBJC_ISA_USAGE = YES_ERROR;
				CLANG_WARN_EMPTY_BODY = YES;
				CLANG_WARN_ENUM_CONVERSION = YES;
				CLANG_WARN_INT_CONVERSION = YES;
				CLANG_WARN_OBJC_ROOT_CLASS = YES_ERROR;
				CLANG_WARN_UNREACHABLE_CODE = YES;
				CLANG_WARN__DUPLICATE_METHOD_MATCH = YES;
				"CODE_SIGN_IDENTITY[sdk=iphoneos*]" = "iPhone Developer";
				COPY_PHASE_STRIP = YES;
				ENABLE_NS_ASSERTIONS = NO;
				ENABLE_STRICT_OBJC_MSGSEND = YES;
				GCC_C_LANGUAGE_STANDARD = gnu99;
				GCC_WARN_64_TO_32_BIT_CONVERSION = YES;
				GCC_WARN_ABOUT_RETURN_TYPE = YES_ERROR;
				GCC_WARN_UNDECLARED_SELECTOR = YES;
				GCC_WARN_UNINITIALIZED_AUTOS = YES_AGGRESSIVE;
				GCC_WARN_UNUSED_FUNCTION = YES;
				GCC_WARN_UNUSED_VARIABLE = YES;
				IPHONEOS_DEPLOYMENT_TARGET = 8.0;
				MTL_ENABLE_DEBUG_INFO = NO;
				SDKROOT = iphoneos;
				VALIDATE_PRODUCT = YES;
			};
			name = Release;
		};
		011DD13919A6642C00ECB1F7 /* Debug */ = {
			isa = XCBuildConfiguration;
			buildSettings = {
				ASSETCATALOG_COMPILER_APPICON_NAME = AppIcon;
				ASSETCATALOG_COMPILER_LAUNCHIMAGE_NAME = LaunchImage;
				INFOPLIST_FILE = whatevs/Info.plist;
				LD_RUNPATH_SEARCH_PATHS = "$(inherited) @executable_path/Frameworks";
				PRODUCT_NAME = "$(TARGET_NAME)";
			};
			name = Debug;
		};
		011DD13A19A6642C00ECB1F7 /* Release */ = {
			isa = XCBuildConfiguration;
			buildSettings = {
				ASSETCATALOG_COMPILER_APPICON_NAME = AppIcon;
				ASSETCATALOG_COMPILER_LAUNCHIMAGE_NAME = LaunchImage;
				INFOPLIST_FILE = whatevs/Info.plist;
				LD_RUNPATH_SEARCH_PATHS = "$(inherited) @executable_path/Frameworks";
				PRODUCT_NAME = "$(TARGET_NAME)";
			};
			name = Release;
		};
		011DD13C19A6642C00ECB1F7 /* Debug */ = {
			isa = XCBuildConfiguration;
			buildSettings = {
				BUNDLE_LOADER = "$(BUILT_PRODUCTS_DIR)/whatevs.app/whatevs";
				FRAMEWORK_SEARCH_PATHS = (
					"$(SDKROOT)/Developer/Library/Frameworks",
					"$(inherited)",
				);
				GCC_PREPROCESSOR_DEFINITIONS = (
					"DEBUG=1",
					"$(inherited)",
				);
				INFOPLIST_FILE = whatevsTests/Info.plist;
				LD_RUNPATH_SEARCH_PATHS = "$(inherited) @executable_path/Frameworks @loader_path/Frameworks";
				PRODUCT_NAME = "$(TARGET_NAME)";
				TEST_HOST = "$(BUNDLE_LOADER)";
			};
			name = Debug;
		};
		011DD13D19A6642C00ECB1F7 /* Release */ = {
			isa = XCBuildConfiguration;
			buildSettings = {
				BUNDLE_LOADER = "$(BUILT_PRODUCTS_DIR)/whatevs.app/whatevs";
				FRAMEWORK_SEARCH_PATHS = (
					"$(SDKROOT)/Developer/Library/Frameworks",
					"$(inherited)",
				);
				INFOPLIST_FILE = whatevsTests/Info.plist;
				LD_RUNPATH_SEARCH_PATHS = "$(inherited) @executable_path/Frameworks @loader_path/Frameworks";
				PRODUCT_NAME = "$(TARGET_NAME)";
				TEST_HOST = "$(BUNDLE_LOADER)";
			};
			name = Release;
		};
/* End XCBuildConfiguration section */

/* Begin XCConfigurationList section */
		011DD11719A6642C00ECB1F7 /* Build configuration list for PBXProject "whatevs" */ = {
			isa = XCConfigurationList;
			buildConfigurations = (
				011DD13619A6642C00ECB1F7 /* Debug */,
				011DD13719A6642C00ECB1F7 /* Release */,
			);
			defaultConfigurationIsVisible = 0;
			defaultConfigurationName = Release;
		};
		011DD13819A6642C00ECB1F7 /* Build configuration list for PBXNativeTarget "whatevs" */ = {
			isa = XCConfigurationList;
			buildConfigurations = (
				011DD13919A6642C00ECB1F7 /* Debug */,
				011DD13A19A6642C00ECB1F7 /* Release */,
			);
			defaultConfigurationIsVisible = 0;
		};
		011DD13B19A6642C00ECB1F7 /* Build configuration list for PBXNativeTarget "whatevsTests" */ = {
			isa = XCConfigurationList;
			buildConfigurations = (
				011DD13C19A6642C00ECB1F7 /* Debug */,
				011DD13D19A6642C00ECB1F7 /* Release */,
			);
			defaultConfigurationIsVisible = 0;
		};
/* End XCConfigurationList section */
	};
	rootObject = 011DD11419A6642C00ECB1F7 /* Project object */;
}
